
Microsoft Visual Studio Solution File, Format Version 12.00
# Visual Studio 15
VisualStudioVersion = 15.0.27004.2010
MinimumVisualStudioVersion = 10.0.40219.1
Project("{2150E333-8FDC-42A3-9474-1A3956D46DE8}") = "Solution files", "Solution files", "{61251165-AADF-4747-B91B-35057BC0AB1B}"
	ProjectSection(SolutionItems) = preProject
		.gitattributes = .gitattributes
		.gitignore = .gitignore
	EndProjectSection
EndProject
Project("{FAE04EC0-301F-11D3-BF4B-00C04F79EFBC}") = "IlbmReaderTest", "IlbmReaderTest\IlbmReaderTest.csproj", "{F1A4FF1B-0821-410C-A5AE-BFF1A87ED24A}"
EndProject
Global
	GlobalSection(SolutionConfigurationPlatforms) = preSolution
		Debug|Any CPU = Debug|Any CPU
		Release|Any CPU = Release|Any CPU
	EndGlobalSection
	GlobalSection(ProjectConfigurationPlatforms) = postSolution
		{F1A4FF1B-0821-410C-A5AE-BFF1A87ED24A}.Debug|Any CPU.ActiveCfg = Debug|Any CPU
		{F1A4FF1B-0821-410C-A5AE-BFF1A87ED24A}.Debug|Any CPU.Build.0 = Debug|Any CPU
		{F1A4FF1B-0821-410C-A5AE-BFF1A87ED24A}.Release|Any CPU.ActiveCfg = Release|Any CPU
		{F1A4FF1B-0821-410C-A5AE-BFF1A87ED24A}.Release|Any CPU.Build.0 = Release|Any CPU
	EndGlobalSection
	GlobalSection(SolutionProperties) = preSolution
		HideSolutionNode = FALSE
	EndGlobalSection
	GlobalSection(ExtensibilityGlobals) = postSolution
		SolutionGuid = {25E164E5-4A4C-429E-BCB3-E4AB4FFEA0AA}
	EndGlobalSection
EndGlobal
